
Microsoft Visual Studio Solution File, Format Version 12.00
# Visual Studio Version 17
VisualStudioVersion = 17.10.34928.147
MinimumVisualStudioVersion = 10.0.40219.1
Project("{FAE04EC0-301F-11D3-BF4B-00C04F79EFBC}") = "GsbCampagneBLL", "GsbCampagneBLL\GsbCampagneBLL.csproj", "{5AFD3BBB-0F41-4D33-8A6F-6056754ACEED}"
EndProject
Project("{FAE04EC0-301F-11D3-BF4B-00C04F79EFBC}") = "GsbCampagneGUI", "GsbCampagneGUI\GsbCampagneGUI.csproj", "{2F257E11-B3E0-4F6D-ACEF-229D3886D47F}"
EndProject
Project("{FAE04EC0-301F-11D3-BF4B-00C04F79EFBC}") = "GsbCampagneDAL", "GsbCampagneDAL\GsbCampagneDAL.csproj", "{5B4ABB3D-0679-4A31-8D2E-EB5FDC8C1EE4}"
EndProject
Global
	GlobalSection(SolutionConfigurationPlatforms) = preSolution
		Debug|Any CPU = Debug|Any CPU
		Release|Any CPU = Release|Any CPU
	EndGlobalSection
	GlobalSection(ProjectConfigurationPlatforms) = postSolution
		{5AFD3BBB-0F41-4D33-8A6F-6056754ACEED}.Debug|Any CPU.ActiveCfg = Debug|Any CPU
		{5AFD3BBB-0F41-4D33-8A6F-6056754ACEED}.Debug|Any CPU.Build.0 = Debug|Any CPU
		{5AFD3BBB-0F41-4D33-8A6F-6056754ACEED}.Release|Any CPU.ActiveCfg = Release|Any CPU
		{5AFD3BBB-0F41-4D33-8A6F-6056754ACEED}.Release|Any CPU.Build.0 = Release|Any CPU
		{2F257E11-B3E0-4F6D-ACEF-229D3886D47F}.Debug|Any CPU.ActiveCfg = Debug|Any CPU
		{2F257E11-B3E0-4F6D-ACEF-229D3886D47F}.Debug|Any CPU.Build.0 = Debug|Any CPU
		{2F257E11-B3E0-4F6D-ACEF-229D3886D47F}.Release|Any CPU.ActiveCfg = Release|Any CPU
		{2F257E11-B3E0-4F6D-ACEF-229D3886D47F}.Release|Any CPU.Build.0 = Release|Any CPU
		{5B4ABB3D-0679-4A31-8D2E-EB5FDC8C1EE4}.Debug|Any CPU.ActiveCfg = Debug|Any CPU
		{5B4ABB3D-0679-4A31-8D2E-EB5FDC8C1EE4}.Debug|Any CPU.Build.0 = Debug|Any CPU
		{5B4ABB3D-0679-4A31-8D2E-EB5FDC8C1EE4}.Release|Any CPU.ActiveCfg = Release|Any CPU
		{5B4ABB3D-0679-4A31-8D2E-EB5FDC8C1EE4}.Release|Any CPU.Build.0 = Release|Any CPU
	EndGlobalSection
	GlobalSection(SolutionProperties) = preSolution
		HideSolutionNode = FALSE
	EndGlobalSection
	GlobalSection(ExtensibilityGlobals) = postSolution
		SolutionGuid = {6D038E89-E133-4E36-B274-AEA34FDA5427}
	EndGlobalSection
EndGlobal
